PODS:
  - Alamofire (4.9.0)
  - SwiftLint (0.35.0)
  - SwiftyJSON (5.0.0)

DEPENDENCIES:
  - Alamofire
  - SwiftLint
  - SwiftyJSON

SPEC REPOS:
  trunk:
    - Alamofire
    - SwiftLint
    - SwiftyJSON

SPEC CHECKSUMS:
  Alamofire: afc3e7c6db61476cb45cdd23fed06bad03bbc321
  SwiftLint: 5553187048b900c91aa03552807681bb6b027846
  SwiftyJSON: 36413e04c44ee145039d332b4f4e2d3e8d6c4db7

PODFILE CHECKSUM: 24f1b8c98335cd0baa7397851e607553fe9d8222

COCOAPODS: 1.8.1
