// !$*UTF8*$!
{
	archiveVersion = 1;
	classes = {
	};
	objectVersion = 51;
	objects = {

/* Begin PBXBuildFile section */
		820CB980236F38BC00D36EFF /* WelcomeViewController.swift in Sources */ = {isa = PBXBuildFile; fileRef = 820CB97F236F38BC00D36EFF /* WelcomeViewController.swift */; };
		82170D11236FB301005FE89B /* Apparel.swift in Sources */ = {isa = PBXBuildFile; fileRef = 82170D10236FB301005FE89B /* Apparel.swift */; };
		82170D14236FB360005FE89B /* ShopCollectionViewController.swift in Sources */ = {isa = PBXBuildFile; fileRef = 82170D13236FB360005FE89B /* ShopCollectionViewController.swift */; };
		82170D16236FB39C005FE89B /* ShopCollectionViewCell.swift in Sources */ = {isa = PBXBuildFile; fileRef = 82170D15236FB39C005FE89B /* ShopCollectionViewCell.swift */; };
		8217E0C7235CC3D1007144D0 /* MenuContainerViewController.swift in Sources */ = {isa = PBXBuildFile; fileRef = 8217E0C6235CC3D1007144D0 /* MenuContainerViewController.swift */; };
		825092182361EFB300D98DEA /* UIViewExtension.swift in Sources */ = {isa = PBXBuildFile; fileRef = 825092172361EFB300D98DEA /* UIViewExtension.swift */; };
		826281A623733FD200E4CC38 /* Authentificator.swift in Sources */ = {isa = PBXBuildFile; fileRef = 826281A523733FD200E4CC38 /* Authentificator.swift */; };
		8288FC642360AB2D00C7C9DF /* MenuTableViewHeader.swift in Sources */ = {isa = PBXBuildFile; fileRef = 8288FC632360AB2D00C7C9DF /* MenuTableViewHeader.swift */; };
		8288FC662360AB3E00C7C9DF /* MenuTableViewFooter.swift in Sources */ = {isa = PBXBuildFile; fileRef = 8288FC652360AB3E00C7C9DF /* MenuTableViewFooter.swift */; };
		8288FC682360AB9500C7C9DF /* MenuTableViewController.swift in Sources */ = {isa = PBXBuildFile; fileRef = 8288FC672360AB9500C7C9DF /* MenuTableViewController.swift */; };
		8288FC6A2360AC1900C7C9DF /* MenuTableViewCell.swift in Sources */ = {isa = PBXBuildFile; fileRef = 8288FC692360AC1900C7C9DF /* MenuTableViewCell.swift */; };
		82918F322350B62F00723B4A /* RosterDetailViewController.swift in Sources */ = {isa = PBXBuildFile; fileRef = 82918F312350B62F00723B4A /* RosterDetailViewController.swift */; };
		8297AFE2236A35780081B273 /* CardCollectionViewCell.swift in Sources */ = {isa = PBXBuildFile; fileRef = 8297AFE1236A35780081B273 /* CardCollectionViewCell.swift */; };
		82A6F841238DBBA8001CA749 /* CustomError.swift in Sources */ = {isa = PBXBuildFile; fileRef = 82A6F840238DBBA8001CA749 /* CustomError.swift */; };
		82A6F843238E1AE0001CA749 /* ShopOptionTextField.swift in Sources */ = {isa = PBXBuildFile; fileRef = 82A6F842238E1AE0001CA749 /* ShopOptionTextField.swift */; };
		82AD6D20234BCF9F0035C183 /* RosterCollectionViewHeader.swift in Sources */ = {isa = PBXBuildFile; fileRef = 82AD6D1F234BCF9F0035C183 /* RosterCollectionViewHeader.swift */; };
		82AD6D28234D058D0035C183 /* HomeCollectionViewController.swift in Sources */ = {isa = PBXBuildFile; fileRef = 82AD6D27234D058D0035C183 /* HomeCollectionViewController.swift */; };
		82AD6D2F234D0B840035C183 /* HomeDetailViewController.swift in Sources */ = {isa = PBXBuildFile; fileRef = 82AD6D2E234D0B840035C183 /* HomeDetailViewController.swift */; };
		82ADF5D723440B6700114F84 /* JSONParser.swift in Sources */ = {isa = PBXBuildFile; fileRef = 82ADF5D623440B6700114F84 /* JSONParser.swift */; };
		82ADF5DD23463B1500114F84 /* ScheduleDateTimeView.swift in Sources */ = {isa = PBXBuildFile; fileRef = 82ADF5DC23463B1500114F84 /* ScheduleDateTimeView.swift */; };
		82ADF5DF23463B2600114F84 /* ScheduleResultView.swift in Sources */ = {isa = PBXBuildFile; fileRef = 82ADF5DE23463B2600114F84 /* ScheduleResultView.swift */; };
		82ADF5E123463F0300114F84 /* ScheduleOpponentRinkView.swift in Sources */ = {isa = PBXBuildFile; fileRef = 82ADF5E023463F0300114F84 /* ScheduleOpponentRinkView.swift */; };
		82ADF5E32346812400114F84 /* ScheduleTableViewController.swift in Sources */ = {isa = PBXBuildFile; fileRef = 82ADF5E22346812400114F84 /* ScheduleTableViewController.swift */; };
		82ADF5E52346815300114F84 /* ScheduleTableViewCell.swift in Sources */ = {isa = PBXBuildFile; fileRef = 82ADF5E42346815300114F84 /* ScheduleTableViewCell.swift */; };
		82B3A16F237BB44F00CD8F3D /* ShopCustomOptionsView.swift in Sources */ = {isa = PBXBuildFile; fileRef = 82B3A16C237BB44E00CD8F3D /* ShopCustomOptionsView.swift */; };
		82B3A170237BB44F00CD8F3D /* ShopDetailViewController.swift in Sources */ = {isa = PBXBuildFile; fileRef = 82B3A16D237BB44E00CD8F3D /* ShopDetailViewController.swift */; };
		82B3A171237BB44F00CD8F3D /* ShopRestrictedOptionsView.swift in Sources */ = {isa = PBXBuildFile; fileRef = 82B3A16E237BB44E00CD8F3D /* ShopRestrictedOptionsView.swift */; };
		82B3A174237BB49700CD8F3D /* ApparelCustomItem.swift in Sources */ = {isa = PBXBuildFile; fileRef = 82B3A172237BB49700CD8F3D /* ApparelCustomItem.swift */; };
		82B3A175237BB49700CD8F3D /* ApparelRestrictedItem.swift in Sources */ = {isa = PBXBuildFile; fileRef = 82B3A173237BB49700CD8F3D /* ApparelRestrictedItem.swift */; };
		82B3A177237BD7CC00CD8F3D /* PillButton.swift in Sources */ = {isa = PBXBuildFile; fileRef = 82B3A176237BD7CC00CD8F3D /* PillButton.swift */; };
		82B3A179237CB15C00CD8F3D /* PreLaunchViewController.swift in Sources */ = {isa = PBXBuildFile; fileRef = 82B3A178237CB15C00CD8F3D /* PreLaunchViewController.swift */; };
		82B3A17B237DA87600CD8F3D /* SignupView.swift in Sources */ = {isa = PBXBuildFile; fileRef = 82B3A17A237DA87600CD8F3D /* SignupView.swift */; };
		82B3A17D237DBFAE00CD8F3D /* WelcomeButtonsView.swift in Sources */ = {isa = PBXBuildFile; fileRef = 82B3A17C237DBFAE00CD8F3D /* WelcomeButtonsView.swift */; };
		82B3A17F237DF95C00CD8F3D /* LoginView.swift in Sources */ = {isa = PBXBuildFile; fileRef = 82B3A17E237DF95C00CD8F3D /* LoginView.swift */; };
		82C0BC1E2387208500A134E7 /* SettingsTableViewCell.swift in Sources */ = {isa = PBXBuildFile; fileRef = 82C0BC1D2387208500A134E7 /* SettingsTableViewCell.swift */; };
		82C0BC222389747100A134E7 /* SettingsTableViewFooter.swift in Sources */ = {isa = PBXBuildFile; fileRef = 82C0BC212389747100A134E7 /* SettingsTableViewFooter.swift */; };
		82C2467D2384BAC7003CB268 /* FloatingCloseButton.swift in Sources */ = {isa = PBXBuildFile; fileRef = 82C2467C2384BAC7003CB268 /* FloatingCloseButton.swift */; };
		82C2467F2384F4B7003CB268 /* CartHelper.swift in Sources */ = {isa = PBXBuildFile; fileRef = 82C2467E2384F4B7003CB268 /* CartHelper.swift */; };
		82C24681238669E0003CB268 /* HTMLTextView.swift in Sources */ = {isa = PBXBuildFile; fileRef = 82C24680238669E0003CB268 /* HTMLTextView.swift */; };
		82C8C1EA2363333800C4D2C2 /* StringExtension.swift in Sources */ = {isa = PBXBuildFile; fileRef = 82C8C1E92363333800C4D2C2 /* StringExtension.swift */; };
		82D971B2233D54C700BFD322 /* RosterCollectionViewController.swift in Sources */ = {isa = PBXBuildFile; fileRef = 82D971B1233D54C700BFD322 /* RosterCollectionViewController.swift */; };
		82DCB479233C402200BDE2FE /* AppDelegate.swift in Sources */ = {isa = PBXBuildFile; fileRef = 82DCB478233C402200BDE2FE /* AppDelegate.swift */; };
		82DCB481233C402200BDE2FE /* gthockey_iOS.xcdatamodeld in Sources */ = {isa = PBXBuildFile; fileRef = 82DCB47F233C402200BDE2FE /* gthockey_iOS.xcdatamodeld */; };
		82DCB483233C402300BDE2FE /* Assets.xcassets in Resources */ = {isa = PBXBuildFile; fileRef = 82DCB482233C402300BDE2FE /* Assets.xcassets */; };
		82DCB486233C402300BDE2FE /* LaunchScreen.storyboard in Resources */ = {isa = PBXBuildFile; fileRef = 82DCB484233C402300BDE2FE /* LaunchScreen.storyboard */; };
		82DD1A282346FFAC001425B6 /* RosterCollectionViewCell.swift in Sources */ = {isa = PBXBuildFile; fileRef = 82DD1A272346FFAC001425B6 /* RosterCollectionViewCell.swift */; };
		82EE57E12341B2BC00FCC181 /* Game.swift in Sources */ = {isa = PBXBuildFile; fileRef = 82EE57E02341B2BC00FCC181 /* Game.swift */; };
		82EE57E32341B36200FCC181 /* Player.swift in Sources */ = {isa = PBXBuildFile; fileRef = 82EE57E22341B36200FCC181 /* Player.swift */; };
		82EE57E52341BCC200FCC181 /* HomeCollectionViewCell.swift in Sources */ = {isa = PBXBuildFile; fileRef = 82EE57E42341BCC200FCC181 /* HomeCollectionViewCell.swift */; };
		82F468EE237F4C0E00573EE5 /* CartTableViewController.swift in Sources */ = {isa = PBXBuildFile; fileRef = 82F468ED237F4C0E00573EE5 /* CartTableViewController.swift */; };
		82F468F0237F55EC00573EE5 /* CartTableViewCell.swift in Sources */ = {isa = PBXBuildFile; fileRef = 82F468EF237F55EC00573EE5 /* CartTableViewCell.swift */; };
		82F468F2237F611C00573EE5 /* CartItem.swift in Sources */ = {isa = PBXBuildFile; fileRef = 82F468F1237F611C00573EE5 /* CartItem.swift */; };
		82F468F62380659800573EE5 /* CartTableViewFooter.swift in Sources */ = {isa = PBXBuildFile; fileRef = 82F468F52380659800573EE5 /* CartTableViewFooter.swift */; };
		82F79FBE235F428E0070F63D /* MenuOption.swift in Sources */ = {isa = PBXBuildFile; fileRef = 82F79FBD235F428E0070F63D /* MenuOption.swift */; };
		82F79FC3235FF1890070F63D /* MenuControllerDelegate.swift in Sources */ = {isa = PBXBuildFile; fileRef = 82F79FC2235FF1890070F63D /* MenuControllerDelegate.swift */; };
		82F79FC5236004D70070F63D /* UIColorExtension.swift in Sources */ = {isa = PBXBuildFile; fileRef = 82F79FC4236004D70070F63D /* UIColorExtension.swift */; };
		82F85586236C797600DE7AFD /* GoogleService-Info.plist in Resources */ = {isa = PBXBuildFile; fileRef = 82F85585236C797600DE7AFD /* GoogleService-Info.plist */; };
		C58AE6FDEF374C9B1B0751D2 /* Pods_gthockey_iOS.framework in Frameworks */ = {isa = PBXBuildFile; fileRef = D589E52CCCF8BEB30BF9B372 /* Pods_gthockey_iOS.framework */; };
		F00C392C2354EA3E009E1F3A /* Rink.swift in Sources */ = {isa = PBXBuildFile; fileRef = F00C392B2354EA3E009E1F3A /* Rink.swift */; };
		F02585AF23412F88008E641C /* News.swift in Sources */ = {isa = PBXBuildFile; fileRef = F02585AE23412F88008E641C /* News.swift */; };
		F093EA4C2385F4170037FCA7 /* SettingsTableViewController.swift in Sources */ = {isa = PBXBuildFile; fileRef = F093EA4B2385F4170037FCA7 /* SettingsTableViewController.swift */; };
		FA3570BA23502190008E83BC /* Team.swift in Sources */ = {isa = PBXBuildFile; fileRef = FA3570B923502190008E83BC /* Team.swift */; };
/* End PBXBuildFile section */

/* Begin PBXFileReference section */
		0A1A9452D4F9DE560A40A8A4 /* Pods-gthockey-iOS.release.xcconfig */ = {isa = PBXFileReference; includeInIndex = 1; lastKnownFileType = text.xcconfig; name = "Pods-gthockey-iOS.release.xcconfig"; path = "Target Support Files/Pods-gthockey-iOS/Pods-gthockey-iOS.release.xcconfig"; sourceTree = "<group>"; };
		424CA3587C83AF14493CFC34 /* Pods-gthockey-iOS.debug.xcconfig */ = {isa = PBXFileReference; includeInIndex = 1; lastKnownFileType = text.xcconfig; name = "Pods-gthockey-iOS.debug.xcconfig"; path = "Target Support Files/Pods-gthockey-iOS/Pods-gthockey-iOS.debug.xcconfig"; sourceTree = "<group>"; };
		820CB97F236F38BC00D36EFF /* WelcomeViewController.swift */ = {isa = PBXFileReference; lastKnownFileType = sourcecode.swift; path = WelcomeViewController.swift; sourceTree = "<group>"; };
		82170D10236FB301005FE89B /* Apparel.swift */ = {isa = PBXFileReference; lastKnownFileType = sourcecode.swift; path = Apparel.swift; sourceTree = "<group>"; };
		82170D13236FB360005FE89B /* ShopCollectionViewController.swift */ = {isa = PBXFileReference; lastKnownFileType = sourcecode.swift; path = ShopCollectionViewController.swift; sourceTree = "<group>"; };
		82170D15236FB39C005FE89B /* ShopCollectionViewCell.swift */ = {isa = PBXFileReference; lastKnownFileType = sourcecode.swift; path = ShopCollectionViewCell.swift; sourceTree = "<group>"; };
		8217E0C6235CC3D1007144D0 /* MenuContainerViewController.swift */ = {isa = PBXFileReference; lastKnownFileType = sourcecode.swift; path = MenuContainerViewController.swift; sourceTree = "<group>"; };
		825092172361EFB300D98DEA /* UIViewExtension.swift */ = {isa = PBXFileReference; lastKnownFileType = sourcecode.swift; path = UIViewExtension.swift; sourceTree = "<group>"; };
		826281A523733FD200E4CC38 /* Authentificator.swift */ = {isa = PBXFileReference; lastKnownFileType = sourcecode.swift; path = Authentificator.swift; sourceTree = "<group>"; };
		8288FC632360AB2D00C7C9DF /* MenuTableViewHeader.swift */ = {isa = PBXFileReference; lastKnownFileType = sourcecode.swift; path = MenuTableViewHeader.swift; sourceTree = "<group>"; };
		8288FC652360AB3E00C7C9DF /* MenuTableViewFooter.swift */ = {isa = PBXFileReference; lastKnownFileType = sourcecode.swift; path = MenuTableViewFooter.swift; sourceTree = "<group>"; };
		8288FC672360AB9500C7C9DF /* MenuTableViewController.swift */ = {isa = PBXFileReference; lastKnownFileType = sourcecode.swift; path = MenuTableViewController.swift; sourceTree = "<group>"; };
		8288FC692360AC1900C7C9DF /* MenuTableViewCell.swift */ = {isa = PBXFileReference; lastKnownFileType = sourcecode.swift; path = MenuTableViewCell.swift; sourceTree = "<group>"; };
		82918F312350B62F00723B4A /* RosterDetailViewController.swift */ = {isa = PBXFileReference; lastKnownFileType = sourcecode.swift; path = RosterDetailViewController.swift; sourceTree = "<group>"; };
		8297AFE1236A35780081B273 /* CardCollectionViewCell.swift */ = {isa = PBXFileReference; lastKnownFileType = sourcecode.swift; path = CardCollectionViewCell.swift; sourceTree = "<group>"; };
		82A6F840238DBBA8001CA749 /* CustomError.swift */ = {isa = PBXFileReference; lastKnownFileType = sourcecode.swift; path = CustomError.swift; sourceTree = "<group>"; };
		82A6F842238E1AE0001CA749 /* ShopOptionTextField.swift */ = {isa = PBXFileReference; lastKnownFileType = sourcecode.swift; path = ShopOptionTextField.swift; sourceTree = "<group>"; };
		82AD6D1F234BCF9F0035C183 /* RosterCollectionViewHeader.swift */ = {isa = PBXFileReference; lastKnownFileType = sourcecode.swift; path = RosterCollectionViewHeader.swift; sourceTree = "<group>"; };
		82AD6D27234D058D0035C183 /* HomeCollectionViewController.swift */ = {isa = PBXFileReference; fileEncoding = 4; lastKnownFileType = sourcecode.swift; path = HomeCollectionViewController.swift; sourceTree = "<group>"; };
		82AD6D2E234D0B840035C183 /* HomeDetailViewController.swift */ = {isa = PBXFileReference; lastKnownFileType = sourcecode.swift; path = HomeDetailViewController.swift; sourceTree = "<group>"; };
		82ADF5D623440B6700114F84 /* JSONParser.swift */ = {isa = PBXFileReference; lastKnownFileType = sourcecode.swift; path = JSONParser.swift; sourceTree = "<group>"; };
		82ADF5DC23463B1500114F84 /* ScheduleDateTimeView.swift */ = {isa = PBXFileReference; lastKnownFileType = sourcecode.swift; path = ScheduleDateTimeView.swift; sourceTree = "<group>"; };
		82ADF5DE23463B2600114F84 /* ScheduleResultView.swift */ = {isa = PBXFileReference; lastKnownFileType = sourcecode.swift; path = ScheduleResultView.swift; sourceTree = "<group>"; };
		82ADF5E023463F0300114F84 /* ScheduleOpponentRinkView.swift */ = {isa = PBXFileReference; lastKnownFileType = sourcecode.swift; path = ScheduleOpponentRinkView.swift; sourceTree = "<group>"; };
		82ADF5E22346812400114F84 /* ScheduleTableViewController.swift */ = {isa = PBXFileReference; lastKnownFileType = sourcecode.swift; path = ScheduleTableViewController.swift; sourceTree = "<group>"; };
		82ADF5E42346815300114F84 /* ScheduleTableViewCell.swift */ = {isa = PBXFileReference; lastKnownFileType = sourcecode.swift; path = ScheduleTableViewCell.swift; sourceTree = "<group>"; };
		82B3A16C237BB44E00CD8F3D /* ShopCustomOptionsView.swift */ = {isa = PBXFileReference; fileEncoding = 4; lastKnownFileType = sourcecode.swift; path = ShopCustomOptionsView.swift; sourceTree = "<group>"; };
		82B3A16D237BB44E00CD8F3D /* ShopDetailViewController.swift */ = {isa = PBXFileReference; fileEncoding = 4; lastKnownFileType = sourcecode.swift; path = ShopDetailViewController.swift; sourceTree = "<group>"; };
		82B3A16E237BB44E00CD8F3D /* ShopRestrictedOptionsView.swift */ = {isa = PBXFileReference; fileEncoding = 4; lastKnownFileType = sourcecode.swift; path = ShopRestrictedOptionsView.swift; sourceTree = "<group>"; };
		82B3A172237BB49700CD8F3D /* ApparelCustomItem.swift */ = {isa = PBXFileReference; fileEncoding = 4; lastKnownFileType = sourcecode.swift; path = ApparelCustomItem.swift; sourceTree = "<group>"; };
		82B3A173237BB49700CD8F3D /* ApparelRestrictedItem.swift */ = {isa = PBXFileReference; fileEncoding = 4; lastKnownFileType = sourcecode.swift; path = ApparelRestrictedItem.swift; sourceTree = "<group>"; };
		82B3A176237BD7CC00CD8F3D /* PillButton.swift */ = {isa = PBXFileReference; lastKnownFileType = sourcecode.swift; path = PillButton.swift; sourceTree = "<group>"; };
		82B3A178237CB15C00CD8F3D /* PreLaunchViewController.swift */ = {isa = PBXFileReference; lastKnownFileType = sourcecode.swift; path = PreLaunchViewController.swift; sourceTree = "<group>"; };
		82B3A17A237DA87600CD8F3D /* SignupView.swift */ = {isa = PBXFileReference; lastKnownFileType = sourcecode.swift; path = SignupView.swift; sourceTree = "<group>"; };
		82B3A17C237DBFAE00CD8F3D /* WelcomeButtonsView.swift */ = {isa = PBXFileReference; lastKnownFileType = sourcecode.swift; path = WelcomeButtonsView.swift; sourceTree = "<group>"; };
		82B3A17E237DF95C00CD8F3D /* LoginView.swift */ = {isa = PBXFileReference; lastKnownFileType = sourcecode.swift; path = LoginView.swift; sourceTree = "<group>"; };
		82C0BC1D2387208500A134E7 /* SettingsTableViewCell.swift */ = {isa = PBXFileReference; lastKnownFileType = sourcecode.swift; path = SettingsTableViewCell.swift; sourceTree = "<group>"; };
		82C0BC212389747100A134E7 /* SettingsTableViewFooter.swift */ = {isa = PBXFileReference; lastKnownFileType = sourcecode.swift; path = SettingsTableViewFooter.swift; sourceTree = "<group>"; };
		82C2467C2384BAC7003CB268 /* FloatingCloseButton.swift */ = {isa = PBXFileReference; lastKnownFileType = sourcecode.swift; path = FloatingCloseButton.swift; sourceTree = "<group>"; };
		82C2467E2384F4B7003CB268 /* CartHelper.swift */ = {isa = PBXFileReference; lastKnownFileType = sourcecode.swift; path = CartHelper.swift; sourceTree = "<group>"; };
		82C24680238669E0003CB268 /* HTMLTextView.swift */ = {isa = PBXFileReference; lastKnownFileType = sourcecode.swift; path = HTMLTextView.swift; sourceTree = "<group>"; };
		82C8C1E92363333800C4D2C2 /* StringExtension.swift */ = {isa = PBXFileReference; lastKnownFileType = sourcecode.swift; path = StringExtension.swift; sourceTree = "<group>"; };
		82D971B1233D54C700BFD322 /* RosterCollectionViewController.swift */ = {isa = PBXFileReference; lastKnownFileType = sourcecode.swift; path = RosterCollectionViewController.swift; sourceTree = "<group>"; };
		82DCB475233C402200BDE2FE /* GT Hockey.app */ = {isa = PBXFileReference; explicitFileType = wrapper.application; includeInIndex = 0; path = "GT Hockey.app"; sourceTree = BUILT_PRODUCTS_DIR; };
		82DCB478233C402200BDE2FE /* AppDelegate.swift */ = {isa = PBXFileReference; lastKnownFileType = sourcecode.swift; path = AppDelegate.swift; sourceTree = "<group>"; };
		82DCB480233C402200BDE2FE /* gthockey_iOS.xcdatamodel */ = {isa = PBXFileReference; lastKnownFileType = wrapper.xcdatamodel; path = gthockey_iOS.xcdatamodel; sourceTree = "<group>"; };
		82DCB482233C402300BDE2FE /* Assets.xcassets */ = {isa = PBXFileReference; lastKnownFileType = folder.assetcatalog; path = Assets.xcassets; sourceTree = "<group>"; };
		82DCB485233C402300BDE2FE /* Base */ = {isa = PBXFileReference; lastKnownFileType = file.storyboard; name = Base; path = Base.lproj/LaunchScreen.storyboard; sourceTree = "<group>"; };
		82DCB487233C402300BDE2FE /* Info.plist */ = {isa = PBXFileReference; lastKnownFileType = text.plist.xml; path = Info.plist; sourceTree = "<group>"; };
		82DD1A272346FFAC001425B6 /* RosterCollectionViewCell.swift */ = {isa = PBXFileReference; lastKnownFileType = sourcecode.swift; path = RosterCollectionViewCell.swift; sourceTree = "<group>"; };
		82EE57E02341B2BC00FCC181 /* Game.swift */ = {isa = PBXFileReference; lastKnownFileType = sourcecode.swift; path = Game.swift; sourceTree = "<group>"; };
		82EE57E22341B36200FCC181 /* Player.swift */ = {isa = PBXFileReference; lastKnownFileType = sourcecode.swift; path = Player.swift; sourceTree = "<group>"; };
		82EE57E42341BCC200FCC181 /* HomeCollectionViewCell.swift */ = {isa = PBXFileReference; lastKnownFileType = sourcecode.swift; path = HomeCollectionViewCell.swift; sourceTree = "<group>"; };
		82F468ED237F4C0E00573EE5 /* CartTableViewController.swift */ = {isa = PBXFileReference; lastKnownFileType = sourcecode.swift; path = CartTableViewController.swift; sourceTree = "<group>"; };
		82F468EF237F55EC00573EE5 /* CartTableViewCell.swift */ = {isa = PBXFileReference; lastKnownFileType = sourcecode.swift; path = CartTableViewCell.swift; sourceTree = "<group>"; };
		82F468F1237F611C00573EE5 /* CartItem.swift */ = {isa = PBXFileReference; lastKnownFileType = sourcecode.swift; path = CartItem.swift; sourceTree = "<group>"; };
		82F468F52380659800573EE5 /* CartTableViewFooter.swift */ = {isa = PBXFileReference; lastKnownFileType = sourcecode.swift; path = CartTableViewFooter.swift; sourceTree = "<group>"; };
		82F79FBD235F428E0070F63D /* MenuOption.swift */ = {isa = PBXFileReference; lastKnownFileType = sourcecode.swift; path = MenuOption.swift; sourceTree = "<group>"; };
		82F79FC2235FF1890070F63D /* MenuControllerDelegate.swift */ = {isa = PBXFileReference; lastKnownFileType = sourcecode.swift; path = MenuControllerDelegate.swift; sourceTree = "<group>"; };
		82F79FC4236004D70070F63D /* UIColorExtension.swift */ = {isa = PBXFileReference; lastKnownFileType = sourcecode.swift; path = UIColorExtension.swift; sourceTree = "<group>"; };
		82F85585236C797600DE7AFD /* GoogleService-Info.plist */ = {isa = PBXFileReference; fileEncoding = 4; lastKnownFileType = text.plist.xml; path = "GoogleService-Info.plist"; sourceTree = "<group>"; };
		82F85587236C7B4A00DE7AFD /* GT Hockey.entitlements */ = {isa = PBXFileReference; lastKnownFileType = text.plist.entitlements; path = "GT Hockey.entitlements"; sourceTree = "<group>"; };
		D589E52CCCF8BEB30BF9B372 /* Pods_gthockey_iOS.framework */ = {isa = PBXFileReference; explicitFileType = wrapper.framework; includeInIndex = 0; path = Pods_gthockey_iOS.framework; sourceTree = BUILT_PRODUCTS_DIR; };
		F00C392B2354EA3E009E1F3A /* Rink.swift */ = {isa = PBXFileReference; lastKnownFileType = sourcecode.swift; path = Rink.swift; sourceTree = "<group>"; };
		F02585AE23412F88008E641C /* News.swift */ = {isa = PBXFileReference; fileEncoding = 4; lastKnownFileType = sourcecode.swift; path = News.swift; sourceTree = "<group>"; };
		F093EA4B2385F4170037FCA7 /* SettingsTableViewController.swift */ = {isa = PBXFileReference; lastKnownFileType = sourcecode.swift; path = SettingsTableViewController.swift; sourceTree = "<group>"; };
		FA3570B923502190008E83BC /* Team.swift */ = {isa = PBXFileReference; lastKnownFileType = sourcecode.swift; path = Team.swift; sourceTree = "<group>"; };
/* End PBXFileReference section */

/* Begin PBXFrameworksBuildPhase section */
		82DCB472233C402200BDE2FE /* Frameworks */ = {
			isa = PBXFrameworksBuildPhase;
			buildActionMask = 2147483647;
			files = (
				C58AE6FDEF374C9B1B0751D2 /* Pods_gthockey_iOS.framework in Frameworks */,
			);
			runOnlyForDeploymentPostprocessing = 0;
		};
/* End PBXFrameworksBuildPhase section */

/* Begin PBXGroup section */
		676F6D2BDA686EA2774807B8 /* Frameworks */ = {
			isa = PBXGroup;
			children = (
				D589E52CCCF8BEB30BF9B372 /* Pods_gthockey_iOS.framework */,
			);
			name = Frameworks;
			sourceTree = "<group>";
		};
		82170D12236FB349005FE89B /* ShopFlow */ = {
			isa = PBXGroup;
			children = (
				82170D13236FB360005FE89B /* ShopCollectionViewController.swift */,
				82170D15236FB39C005FE89B /* ShopCollectionViewCell.swift */,
				82B3A16D237BB44E00CD8F3D /* ShopDetailViewController.swift */,
				82B3A16E237BB44E00CD8F3D /* ShopRestrictedOptionsView.swift */,
				82B3A16C237BB44E00CD8F3D /* ShopCustomOptionsView.swift */,
			);
			path = ShopFlow;
			sourceTree = "<group>";
		};
		825092162361EF8E00D98DEA /* Extensions */ = {
			isa = PBXGroup;
			children = (
				82F79FC4236004D70070F63D /* UIColorExtension.swift */,
				825092172361EFB300D98DEA /* UIViewExtension.swift */,
				82C8C1E92363333800C4D2C2 /* StringExtension.swift */,
				82A6F840238DBBA8001CA749 /* CustomError.swift */,
			);
			path = Extensions;
			sourceTree = "<group>";
		};
		8297AFE3236A357F0081B273 /* CustomUIComponents */ = {
			isa = PBXGroup;
			children = (
				8297AFE1236A35780081B273 /* CardCollectionViewCell.swift */,
				82B3A176237BD7CC00CD8F3D /* PillButton.swift */,
				82C24680238669E0003CB268 /* HTMLTextView.swift */,
				82C2467C2384BAC7003CB268 /* FloatingCloseButton.swift */,
				82A6F842238E1AE0001CA749 /* ShopOptionTextField.swift */,
			);
			path = CustomUIComponents;
			sourceTree = "<group>";
		};
		82D971B3233D609E00BFD322 /* HomeFlow */ = {
			isa = PBXGroup;
			children = (
				82AD6D27234D058D0035C183 /* HomeCollectionViewController.swift */,
				82EE57E42341BCC200FCC181 /* HomeCollectionViewCell.swift */,
				82AD6D2E234D0B840035C183 /* HomeDetailViewController.swift */,
			);
			path = HomeFlow;
			sourceTree = "<group>";
		};
		82D971B4233D60A500BFD322 /* ScheduleFlow */ = {
			isa = PBXGroup;
			children = (
				82ADF5E22346812400114F84 /* ScheduleTableViewController.swift */,
				82ADF5E42346815300114F84 /* ScheduleTableViewCell.swift */,
				82ADF5E023463F0300114F84 /* ScheduleOpponentRinkView.swift */,
				82ADF5DE23463B2600114F84 /* ScheduleResultView.swift */,
				82ADF5DC23463B1500114F84 /* ScheduleDateTimeView.swift */,
			);
			path = ScheduleFlow;
			sourceTree = "<group>";
		};
		82D971B5233D60B000BFD322 /* RosterFlow */ = {
			isa = PBXGroup;
			children = (
				82D971B1233D54C700BFD322 /* RosterCollectionViewController.swift */,
				82DD1A272346FFAC001425B6 /* RosterCollectionViewCell.swift */,
				82AD6D1F234BCF9F0035C183 /* RosterCollectionViewHeader.swift */,
				82918F312350B62F00723B4A /* RosterDetailViewController.swift */,
			);
			path = RosterFlow;
			sourceTree = "<group>";
		};
		82DCB46C233C402200BDE2FE = {
			isa = PBXGroup;
			children = (
				82DCB477233C402200BDE2FE /* gthockey-iOS */,
				82DCB476233C402200BDE2FE /* Products */,
				D89084F37458199E9103A8FE /* Pods */,
				676F6D2BDA686EA2774807B8 /* Frameworks */,
			);
			sourceTree = "<group>";
		};
		82DCB476233C402200BDE2FE /* Products */ = {
			isa = PBXGroup;
			children = (
				82DCB475233C402200BDE2FE /* GT Hockey.app */,
			);
			name = Products;
			sourceTree = "<group>";
		};
		82DCB477233C402200BDE2FE /* gthockey-iOS */ = {
			isa = PBXGroup;
			children = (
				F02585AD23412F68008E641C /* Models */,
				8297AFE3236A357F0081B273 /* CustomUIComponents */,
				82F85588236C7B9700DE7AFD /* LoginFlow */,
				82F79FC1235FF14A0070F63D /* MenuFlow */,
				82D971B3233D609E00BFD322 /* HomeFlow */,
				82D971B4233D60A500BFD322 /* ScheduleFlow */,
				82D971B5233D60B000BFD322 /* RosterFlow */,
				82170D12236FB349005FE89B /* ShopFlow */,
				F093EA482385F3C40037FCA7 /* SettingsFlow */,
				82F468EC237F4BD800573EE5 /* CartFlow */,
				825092162361EF8E00D98DEA /* Extensions */,
				82DCB478233C402200BDE2FE /* AppDelegate.swift */,
				82ADF5D623440B6700114F84 /* JSONParser.swift */,
				826281A523733FD200E4CC38 /* Authentificator.swift */,
				82C2467E2384F4B7003CB268 /* CartHelper.swift */,
				82B3A178237CB15C00CD8F3D /* PreLaunchViewController.swift */,
				82DCB482233C402300BDE2FE /* Assets.xcassets */,
				82DCB484233C402300BDE2FE /* LaunchScreen.storyboard */,
				82DCB487233C402300BDE2FE /* Info.plist */,
				82F85585236C797600DE7AFD /* GoogleService-Info.plist */,
				82DCB47F233C402200BDE2FE /* gthockey_iOS.xcdatamodeld */,
				82F85587236C7B4A00DE7AFD /* GT Hockey.entitlements */,
			);
			path = "gthockey-iOS";
			sourceTree = "<group>";
		};
		82F468EC237F4BD800573EE5 /* CartFlow */ = {
			isa = PBXGroup;
			children = (
				82F468ED237F4C0E00573EE5 /* CartTableViewController.swift */,
				82F468EF237F55EC00573EE5 /* CartTableViewCell.swift */,
				82F468F52380659800573EE5 /* CartTableViewFooter.swift */,
			);
			path = CartFlow;
			sourceTree = "<group>";
		};
		82F79FC1235FF14A0070F63D /* MenuFlow */ = {
			isa = PBXGroup;
			children = (
				8217E0C6235CC3D1007144D0 /* MenuContainerViewController.swift */,
				82F79FC2235FF1890070F63D /* MenuControllerDelegate.swift */,
				8288FC672360AB9500C7C9DF /* MenuTableViewController.swift */,
				8288FC692360AC1900C7C9DF /* MenuTableViewCell.swift */,
				8288FC632360AB2D00C7C9DF /* MenuTableViewHeader.swift */,
				8288FC652360AB3E00C7C9DF /* MenuTableViewFooter.swift */,
			);
			path = MenuFlow;
			sourceTree = "<group>";
		};
		82F85588236C7B9700DE7AFD /* LoginFlow */ = {
			isa = PBXGroup;
			children = (
				820CB97F236F38BC00D36EFF /* WelcomeViewController.swift */,
				82B3A17C237DBFAE00CD8F3D /* WelcomeButtonsView.swift */,
				82B3A17A237DA87600CD8F3D /* SignupView.swift */,
				82B3A17E237DF95C00CD8F3D /* LoginView.swift */,
			);
			path = LoginFlow;
			sourceTree = "<group>";
		};
		D89084F37458199E9103A8FE /* Pods */ = {
			isa = PBXGroup;
			children = (
				424CA3587C83AF14493CFC34 /* Pods-gthockey-iOS.debug.xcconfig */,
				0A1A9452D4F9DE560A40A8A4 /* Pods-gthockey-iOS.release.xcconfig */,
			);
			path = Pods;
			sourceTree = "<group>";
		};
		F02585AD23412F68008E641C /* Models */ = {
			isa = PBXGroup;
			children = (
				F02585AE23412F88008E641C /* News.swift */,
				82EE57E02341B2BC00FCC181 /* Game.swift */,
				82EE57E22341B36200FCC181 /* Player.swift */,
				FA3570B923502190008E83BC /* Team.swift */,
				F00C392B2354EA3E009E1F3A /* Rink.swift */,
				82170D10236FB301005FE89B /* Apparel.swift */,
				82B3A173237BB49700CD8F3D /* ApparelRestrictedItem.swift */,
				82B3A172237BB49700CD8F3D /* ApparelCustomItem.swift */,
				82F468F1237F611C00573EE5 /* CartItem.swift */,
				82F79FBD235F428E0070F63D /* MenuOption.swift */,
			);
			path = Models;
			sourceTree = "<group>";
		};
		F093EA482385F3C40037FCA7 /* SettingsFlow */ = {
			isa = PBXGroup;
			children = (
				F093EA4B2385F4170037FCA7 /* SettingsTableViewController.swift */,
				82C0BC1D2387208500A134E7 /* SettingsTableViewCell.swift */,
				82C0BC212389747100A134E7 /* SettingsTableViewFooter.swift */,
			);
			path = SettingsFlow;
			sourceTree = "<group>";
		};
/* End PBXGroup section */

/* Begin PBXNativeTarget section */
		82DCB474233C402200BDE2FE /* gthockey-iOS */ = {
			isa = PBXNativeTarget;
			buildConfigurationList = 82DCB48A233C402300BDE2FE /* Build configuration list for PBXNativeTarget "gthockey-iOS" */;
			buildPhases = (
				FE96055E0330196A97203285 /* [CP] Check Pods Manifest.lock */,
				82DCB471233C402200BDE2FE /* Sources */,
				82DCB472233C402200BDE2FE /* Frameworks */,
				82DCB473233C402200BDE2FE /* Resources */,
				B0740C7DD85BAF43B369F4F5 /* [CP] Embed Pods Frameworks */,
			);
			buildRules = (
			);
			dependencies = (
			);
			name = "gthockey-iOS";
			productName = "gthockey-iOS";
			productReference = 82DCB475233C402200BDE2FE /* GT Hockey.app */;
			productType = "com.apple.product-type.application";
		};
/* End PBXNativeTarget section */

/* Begin PBXProject section */
		82DCB46D233C402200BDE2FE /* Project object */ = {
			isa = PBXProject;
			attributes = {
				LastSwiftUpdateCheck = 1030;
				LastUpgradeCheck = 1030;
				ORGANIZATIONNAME = "Caleb Rudnicki";
				TargetAttributes = {
					82DCB474233C402200BDE2FE = {
						CreatedOnToolsVersion = 10.3;
					};
				};
			};
			buildConfigurationList = 82DCB470233C402200BDE2FE /* Build configuration list for PBXProject "gthockey-iOS" */;
			compatibilityVersion = "Xcode 9.3";
			developmentRegion = en;
			hasScannedForEncodings = 0;
			knownRegions = (
				en,
				Base,
			);
			mainGroup = 82DCB46C233C402200BDE2FE;
			productRefGroup = 82DCB476233C402200BDE2FE /* Products */;
			projectDirPath = "";
			projectRoot = "";
			targets = (
				82DCB474233C402200BDE2FE /* gthockey-iOS */,
			);
		};
/* End PBXProject section */

/* Begin PBXResourcesBuildPhase section */
		82DCB473233C402200BDE2FE /* Resources */ = {
			isa = PBXResourcesBuildPhase;
			buildActionMask = 2147483647;
			files = (
				82DCB486233C402300BDE2FE /* LaunchScreen.storyboard in Resources */,
				82DCB483233C402300BDE2FE /* Assets.xcassets in Resources */,
				82F85586236C797600DE7AFD /* GoogleService-Info.plist in Resources */,
			);
			runOnlyForDeploymentPostprocessing = 0;
		};
/* End PBXResourcesBuildPhase section */

/* Begin PBXShellScriptBuildPhase section */
		B0740C7DD85BAF43B369F4F5 /* [CP] Embed Pods Frameworks */ = {
			isa = PBXShellScriptBuildPhase;
			buildActionMask = 2147483647;
			files = (
			);
			inputFileListPaths = (
				"${PODS_ROOT}/Target Support Files/Pods-gthockey-iOS/Pods-gthockey-iOS-frameworks-${CONFIGURATION}-input-files.xcfilelist",
			);
			name = "[CP] Embed Pods Frameworks";
			outputFileListPaths = (
				"${PODS_ROOT}/Target Support Files/Pods-gthockey-iOS/Pods-gthockey-iOS-frameworks-${CONFIGURATION}-output-files.xcfilelist",
			);
			runOnlyForDeploymentPostprocessing = 0;
			shellPath = /bin/sh;
			shellScript = "\"${PODS_ROOT}/Target Support Files/Pods-gthockey-iOS/Pods-gthockey-iOS-frameworks.sh\"\n";
			showEnvVarsInLog = 0;
		};
		FE96055E0330196A97203285 /* [CP] Check Pods Manifest.lock */ = {
			isa = PBXShellScriptBuildPhase;
			buildActionMask = 2147483647;
			files = (
			);
			inputFileListPaths = (
			);
			inputPaths = (
				"${PODS_PODFILE_DIR_PATH}/Podfile.lock",
				"${PODS_ROOT}/Manifest.lock",
			);
			name = "[CP] Check Pods Manifest.lock";
			outputFileListPaths = (
			);
			outputPaths = (
				"$(DERIVED_FILE_DIR)/Pods-gthockey-iOS-checkManifestLockResult.txt",
			);
			runOnlyForDeploymentPostprocessing = 0;
			shellPath = /bin/sh;
			shellScript = "diff \"${PODS_PODFILE_DIR_PATH}/Podfile.lock\" \"${PODS_ROOT}/Manifest.lock\" > /dev/null\nif [ $? != 0 ] ; then\n    # print error to STDERR\n    echo \"error: The sandbox is not in sync with the Podfile.lock. Run 'pod install' or update your CocoaPods installation.\" >&2\n    exit 1\nfi\n# This output is used by Xcode 'outputs' to avoid re-running this script phase.\necho \"SUCCESS\" > \"${SCRIPT_OUTPUT_FILE_0}\"\n";
			showEnvVarsInLog = 0;
		};
/* End PBXShellScriptBuildPhase section */

/* Begin PBXSourcesBuildPhase section */
		82DCB471233C402200BDE2FE /* Sources */ = {
			isa = PBXSourcesBuildPhase;
			buildActionMask = 2147483647;
			files = (
				FA3570BA23502190008E83BC /* Team.swift in Sources */,
				8288FC642360AB2D00C7C9DF /* MenuTableViewHeader.swift in Sources */,
				82C8C1EA2363333800C4D2C2 /* StringExtension.swift in Sources */,
				8288FC6A2360AC1900C7C9DF /* MenuTableViewCell.swift in Sources */,
				82C0BC1E2387208500A134E7 /* SettingsTableViewCell.swift in Sources */,
				F02585AF23412F88008E641C /* News.swift in Sources */,
				8288FC662360AB3E00C7C9DF /* MenuTableViewFooter.swift in Sources */,
				82B3A177237BD7CC00CD8F3D /* PillButton.swift in Sources */,
				82170D14236FB360005FE89B /* ShopCollectionViewController.swift in Sources */,
				82C2467D2384BAC7003CB268 /* FloatingCloseButton.swift in Sources */,
				8297AFE2236A35780081B273 /* CardCollectionViewCell.swift in Sources */,
				82B3A179237CB15C00CD8F3D /* PreLaunchViewController.swift in Sources */,
				82B3A17B237DA87600CD8F3D /* SignupView.swift in Sources */,
				82ADF5DD23463B1500114F84 /* ScheduleDateTimeView.swift in Sources */,
				82F79FC3235FF1890070F63D /* MenuControllerDelegate.swift in Sources */,
				82F468F62380659800573EE5 /* CartTableViewFooter.swift in Sources */,
				8217E0C7235CC3D1007144D0 /* MenuContainerViewController.swift in Sources */,
				82F79FBE235F428E0070F63D /* MenuOption.swift in Sources */,
				82F468F0237F55EC00573EE5 /* CartTableViewCell.swift in Sources */,
				8288FC682360AB9500C7C9DF /* MenuTableViewController.swift in Sources */,
				82B3A170237BB44F00CD8F3D /* ShopDetailViewController.swift in Sources */,
				82EE57E12341B2BC00FCC181 /* Game.swift in Sources */,
				F00C392C2354EA3E009E1F3A /* Rink.swift in Sources */,
				82170D11236FB301005FE89B /* Apparel.swift in Sources */,
				82AD6D20234BCF9F0035C183 /* RosterCollectionViewHeader.swift in Sources */,
				82ADF5E123463F0300114F84 /* ScheduleOpponentRinkView.swift in Sources */,
				82C2467F2384F4B7003CB268 /* CartHelper.swift in Sources */,
				82ADF5E52346815300114F84 /* ScheduleTableViewCell.swift in Sources */,
				82ADF5E32346812400114F84 /* ScheduleTableViewController.swift in Sources */,
				82F468EE237F4C0E00573EE5 /* CartTableViewController.swift in Sources */,
				82170D16236FB39C005FE89B /* ShopCollectionViewCell.swift in Sources */,
				82B3A17D237DBFAE00CD8F3D /* WelcomeButtonsView.swift in Sources */,
				826281A623733FD200E4CC38 /* Authentificator.swift in Sources */,
				82DCB479233C402200BDE2FE /* AppDelegate.swift in Sources */,
				82918F322350B62F00723B4A /* RosterDetailViewController.swift in Sources */,
				82EE57E32341B36200FCC181 /* Player.swift in Sources */,
				82A6F843238E1AE0001CA749 /* ShopOptionTextField.swift in Sources */,
				82B3A16F237BB44F00CD8F3D /* ShopCustomOptionsView.swift in Sources */,
				82DD1A282346FFAC001425B6 /* RosterCollectionViewCell.swift in Sources */,
				82ADF5DF23463B2600114F84 /* ScheduleResultView.swift in Sources */,
				820CB980236F38BC00D36EFF /* WelcomeViewController.swift in Sources */,
				82F79FC5236004D70070F63D /* UIColorExtension.swift in Sources */,
				82EE57E52341BCC200FCC181 /* HomeCollectionViewCell.swift in Sources */,
				F093EA4C2385F4170037FCA7 /* SettingsTableViewController.swift in Sources */,
				82AD6D2F234D0B840035C183 /* HomeDetailViewController.swift in Sources */,
				82B3A17F237DF95C00CD8F3D /* LoginView.swift in Sources */,
				825092182361EFB300D98DEA /* UIViewExtension.swift in Sources */,
				82ADF5D723440B6700114F84 /* JSONParser.swift in Sources */,
				82DCB481233C402200BDE2FE /* gthockey_iOS.xcdatamodeld in Sources */,
				82C24681238669E0003CB268 /* HTMLTextView.swift in Sources */,
				82D971B2233D54C700BFD322 /* RosterCollectionViewController.swift in Sources */,
				82A6F841238DBBA8001CA749 /* CustomError.swift in Sources */,
				82B3A174237BB49700CD8F3D /* ApparelCustomItem.swift in Sources */,
				82AD6D28234D058D0035C183 /* HomeCollectionViewController.swift in Sources */,
				82B3A171237BB44F00CD8F3D /* ShopRestrictedOptionsView.swift in Sources */,
				82B3A175237BB49700CD8F3D /* ApparelRestrictedItem.swift in Sources */,
				82F468F2237F611C00573EE5 /* CartItem.swift in Sources */,
				82C0BC222389747100A134E7 /* SettingsTableViewFooter.swift in Sources */,
			);
			runOnlyForDeploymentPostprocessing = 0;
		};
/* End PBXSourcesBuildPhase section */

/* Begin PBXVariantGroup section */
		82DCB484233C402300BDE2FE /* LaunchScreen.storyboard */ = {
			isa = PBXVariantGroup;
			children = (
				82DCB485233C402300BDE2FE /* Base */,
			);
			name = LaunchScreen.storyboard;
			sourceTree = "<group>";
		};
/* End PBXVariantGroup section */

/* Begin XCBuildConfiguration section */
		82DCB488233C402300BDE2FE /* Debug */ = {
			isa = XCBuildConfiguration;
			buildSettings = {
				ALWAYS_SEARCH_USER_PATHS = NO;
				CLANG_ANALYZER_NONNULL = YES;
				CLANG_ANALYZER_NUMBER_OBJECT_CONVERSION = YES_AGGRESSIVE;
				CLANG_CXX_LANGUAGE_STANDARD = "gnu++14";
				CLANG_CXX_LIBRARY = "libc++";
				CLANG_ENABLE_MODULES = YES;
				CLANG_ENABLE_OBJC_ARC = YES;
				CLANG_ENABLE_OBJC_WEAK = YES;
				CLANG_WARN_BLOCK_CAPTURE_AUTORELEASING = YES;
				CLANG_WARN_BOOL_CONVERSION = YES;
				CLANG_WARN_COMMA = YES;
				CLANG_WARN_CONSTANT_CONVERSION = YES;
				CLANG_WARN_DEPRECATED_OBJC_IMPLEMENTATIONS = YES;
				CLANG_WARN_DIRECT_OBJC_ISA_USAGE = YES_ERROR;
				CLANG_WARN_DOCUMENTATION_COMMENTS = YES;
				CLANG_WARN_EMPTY_BODY = YES;
				CLANG_WARN_ENUM_CONVERSION = YES;
				CLANG_WARN_INFINITE_RECURSION = YES;
				CLANG_WARN_INT_CONVERSION = YES;
				CLANG_WARN_NON_LITERAL_NULL_CONVERSION = YES;
				CLANG_WARN_OBJC_IMPLICIT_RETAIN_SELF = YES;
				CLANG_WARN_OBJC_LITERAL_CONVERSION = YES;
				CLANG_WARN_OBJC_ROOT_CLASS = YES_ERROR;
				CLANG_WARN_RANGE_LOOP_ANALYSIS = YES;
				CLANG_WARN_STRICT_PROTOTYPES = YES;
				CLANG_WARN_SUSPICIOUS_MOVE = YES;
				CLANG_WARN_UNGUARDED_AVAILABILITY = YES_AGGRESSIVE;
				CLANG_WARN_UNREACHABLE_CODE = YES;
				CLANG_WARN__DUPLICATE_METHOD_MATCH = YES;
				CODE_SIGN_IDENTITY = "iPhone Developer";
				COPY_PHASE_STRIP = NO;
				DEBUG_INFORMATION_FORMAT = dwarf;
				ENABLE_STRICT_OBJC_MSGSEND = YES;
				ENABLE_TESTABILITY = YES;
				GCC_C_LANGUAGE_STANDARD = gnu11;
				GCC_DYNAMIC_NO_PIC = NO;
				GCC_NO_COMMON_BLOCKS = YES;
				GCC_OPTIMIZATION_LEVEL = 0;
				GCC_PREPROCESSOR_DEFINITIONS = (
					"DEBUG=1",
					"$(inherited)",
				);
				GCC_WARN_64_TO_32_BIT_CONVERSION = YES;
				GCC_WARN_ABOUT_RETURN_TYPE = YES_ERROR;
				GCC_WARN_UNDECLARED_SELECTOR = YES;
				GCC_WARN_UNINITIALIZED_AUTOS = YES_AGGRESSIVE;
				GCC_WARN_UNUSED_FUNCTION = YES;
				GCC_WARN_UNUSED_VARIABLE = YES;
				IPHONEOS_DEPLOYMENT_TARGET = 12.4;
				MTL_ENABLE_DEBUG_INFO = INCLUDE_SOURCE;
				MTL_FAST_MATH = YES;
				ONLY_ACTIVE_ARCH = YES;
				SDKROOT = iphoneos;
				SWIFT_ACTIVE_COMPILATION_CONDITIONS = DEBUG;
				SWIFT_OPTIMIZATION_LEVEL = "-Onone";
			};
			name = Debug;
		};
		82DCB489233C402300BDE2FE /* Release */ = {
			isa = XCBuildConfiguration;
			buildSettings = {
				ALWAYS_SEARCH_USER_PATHS = NO;
				CLANG_ANALYZER_NONNULL = YES;
				CLANG_ANALYZER_NUMBER_OBJECT_CONVERSION = YES_AGGRESSIVE;
				CLANG_CXX_LANGUAGE_STANDARD = "gnu++14";
				CLANG_CXX_LIBRARY = "libc++";
				CLANG_ENABLE_MODULES = YES;
				CLANG_ENABLE_OBJC_ARC = YES;
				CLANG_ENABLE_OBJC_WEAK = YES;
				CLANG_WARN_BLOCK_CAPTURE_AUTORELEASING = YES;
				CLANG_WARN_BOOL_CONVERSION = YES;
				CLANG_WARN_COMMA = YES;
				CLANG_WARN_CONSTANT_CONVERSION = YES;
				CLANG_WARN_DEPRECATED_OBJC_IMPLEMENTATIONS = YES;
				CLANG_WARN_DIRECT_OBJC_ISA_USAGE = YES_ERROR;
				CLANG_WARN_DOCUMENTATION_COMMENTS = YES;
				CLANG_WARN_EMPTY_BODY = YES;
				CLANG_WARN_ENUM_CONVERSION = YES;
				CLANG_WARN_INFINITE_RECURSION = YES;
				CLANG_WARN_INT_CONVERSION = YES;
				CLANG_WARN_NON_LITERAL_NULL_CONVERSION = YES;
				CLANG_WARN_OBJC_IMPLICIT_RETAIN_SELF = YES;
				CLANG_WARN_OBJC_LITERAL_CONVERSION = YES;
				CLANG_WARN_OBJC_ROOT_CLASS = YES_ERROR;
				CLANG_WARN_RANGE_LOOP_ANALYSIS = YES;
				CLANG_WARN_STRICT_PROTOTYPES = YES;
				CLANG_WARN_SUSPICIOUS_MOVE = YES;
				CLANG_WARN_UNGUARDED_AVAILABILITY = YES_AGGRESSIVE;
				CLANG_WARN_UNREACHABLE_CODE = YES;
				CLANG_WARN__DUPLICATE_METHOD_MATCH = YES;
				CODE_SIGN_IDENTITY = "iPhone Developer";
				COPY_PHASE_STRIP = NO;
				DEBUG_INFORMATION_FORMAT = "dwarf-with-dsym";
				ENABLE_NS_ASSERTIONS = NO;
				ENABLE_STRICT_OBJC_MSGSEND = YES;
				GCC_C_LANGUAGE_STANDARD = gnu11;
				GCC_NO_COMMON_BLOCKS = YES;
				GCC_WARN_64_TO_32_BIT_CONVERSION = YES;
				GCC_WARN_ABOUT_RETURN_TYPE = YES_ERROR;
				GCC_WARN_UNDECLARED_SELECTOR = YES;
				GCC_WARN_UNINITIALIZED_AUTOS = YES_AGGRESSIVE;
				GCC_WARN_UNUSED_FUNCTION = YES;
				GCC_WARN_UNUSED_VARIABLE = YES;
				IPHONEOS_DEPLOYMENT_TARGET = 12.4;
				MTL_ENABLE_DEBUG_INFO = NO;
				MTL_FAST_MATH = YES;
				SDKROOT = iphoneos;
				SWIFT_COMPILATION_MODE = wholemodule;
				SWIFT_OPTIMIZATION_LEVEL = "-O";
				VALIDATE_PRODUCT = YES;
			};
			name = Release;
		};
		82DCB48B233C402300BDE2FE /* Debug */ = {
			isa = XCBuildConfiguration;
			baseConfigurationReference = 424CA3587C83AF14493CFC34 /* Pods-gthockey-iOS.debug.xcconfig */;
			buildSettings = {
				ASSETCATALOG_COMPILER_APPICON_NAME = AppIcon;
				CODE_SIGN_ENTITLEMENTS = "gthockey-iOS/GT Hockey.entitlements";
				CODE_SIGN_IDENTITY = "Apple Development";
				CODE_SIGN_STYLE = Automatic;
				CURRENT_PROJECT_VERSION = 2;
				DEVELOPMENT_TEAM = 92DETN2MKQ;
				INFOPLIST_FILE = "gthockey-iOS/Info.plist";
				LD_RUNPATH_SEARCH_PATHS = (
					"$(inherited)",
					"@executable_path/Frameworks",
				);
				MARKETING_VERSION = 1.1;
				PRODUCT_BUNDLE_IDENTIFIER = "com.calebrudnicki.gthockey-iOS";
				PRODUCT_NAME = "GT Hockey";
				PROVISIONING_PROFILE_SPECIFIER = "";
				SWIFT_VERSION = 5.0;
				TARGETED_DEVICE_FAMILY = 1;
			};
			name = Debug;
		};
		82DCB48C233C402300BDE2FE /* Release */ = {
			isa = XCBuildConfiguration;
			baseConfigurationReference = 0A1A9452D4F9DE560A40A8A4 /* Pods-gthockey-iOS.release.xcconfig */;
			buildSettings = {
				ASSETCATALOG_COMPILER_APPICON_NAME = AppIcon;
				CODE_SIGN_ENTITLEMENTS = "gthockey-iOS/GT Hockey.entitlements";
				CODE_SIGN_IDENTITY = "Apple Development";
				CODE_SIGN_STYLE = Automatic;
				CURRENT_PROJECT_VERSION = 2;
				DEVELOPMENT_TEAM = 92DETN2MKQ;
				INFOPLIST_FILE = "gthockey-iOS/Info.plist";
				LD_RUNPATH_SEARCH_PATHS = (
					"$(inherited)",
					"@executable_path/Frameworks",
				);
				MARKETING_VERSION = 1.1;
				PRODUCT_BUNDLE_IDENTIFIER = "com.calebrudnicki.gthockey-iOS";
				PRODUCT_NAME = "GT Hockey";
				PROVISIONING_PROFILE_SPECIFIER = "";
				SWIFT_VERSION = 5.0;
				TARGETED_DEVICE_FAMILY = 1;
			};
			name = Release;
		};
/* End XCBuildConfiguration section */

/* Begin XCConfigurationList section */
		82DCB470233C402200BDE2FE /* Build configuration list for PBXProject "gthockey-iOS" */ = {
			isa = XCConfigurationList;
			buildConfigurations = (
				82DCB488233C402300BDE2FE /* Debug */,
				82DCB489233C402300BDE2FE /* Release */,
			);
			defaultConfigurationIsVisible = 0;
			defaultConfigurationName = Release;
		};
		82DCB48A233C402300BDE2FE /* Build configuration list for PBXNativeTarget "gthockey-iOS" */ = {
			isa = XCConfigurationList;
			buildConfigurations = (
				82DCB48B233C402300BDE2FE /* Debug */,
				82DCB48C233C402300BDE2FE /* Release */,
			);
			defaultConfigurationIsVisible = 0;
			defaultConfigurationName = Release;
		};
/* End XCConfigurationList section */

/* Begin XCVersionGroup section */
		82DCB47F233C402200BDE2FE /* gthockey_iOS.xcdatamodeld */ = {
			isa = XCVersionGroup;
			children = (
				82DCB480233C402200BDE2FE /* gthockey_iOS.xcdatamodel */,
			);
			currentVersion = 82DCB480233C402200BDE2FE /* gthockey_iOS.xcdatamodel */;
			path = gthockey_iOS.xcdatamodeld;
			sourceTree = "<group>";
			versionGroupType = wrapper.xcdatamodel;
		};
/* End XCVersionGroup section */
	};
	rootObject = 82DCB46D233C402200BDE2FE /* Project object */;
}
